
Microsoft Visual Studio Solution File, Format Version 12.00
# Visual Studio Version 18
VisualStudioVersion = 18.1.11312.151
MinimumVisualStudioVersion = 10.0.40219.1
Project("{FAE04EC0-301F-11D3-BF4B-00C04F79EFBC}") = "DolarMoney", "DolarMoney\DolarMoney.csproj", "{70B367F4-A957-4D9F-BD97-92696589507F}"
EndProject
Project("{FAE04EC0-301F-11D3-BF4B-00C04F79EFBC}") = "DolarMoney.Model", "DolarMoney.Model\DolarMoney.Model.csproj", "{C014D76E-F5F1-4402-897D-709594EB68E9}"
EndProject
Project("{FAE04EC0-301F-11D3-BF4B-00C04F79EFBC}") = "DolarMoney.DAO", "DolarMoney.DAO\DolarMoney.DAO.csproj", "{02CA3914-4FF4-42EC-9B04-F7AE7571AAF6}"
EndProject
Project("{FAE04EC0-301F-11D3-BF4B-00C04F79EFBC}") = "DolarMoney.Regras", "DolarMoney.Regras\DolarMoney.Regras.csproj", "{E01F0758-E668-442F-8798-311D69D4D8B3}"
EndProject
Project("{FAE04EC0-301F-11D3-BF4B-00C04F79EFBC}") = "DolarMoney.ViewModel", "DolarMoney.ViewModel\DolarMoney.ViewModel.csproj", "{1F948E8A-2DEE-40EA-A60D-FFBEB7628DBD}"
EndProject
Project("{FAE04EC0-301F-11D3-BF4B-00C04F79EFBC}") = "DolarMoney.PTAX", "DolarMoney.PTAX\DolarMoney.PTAX.csproj", "{6DCCA7DC-BAD7-4342-8626-D7282589BBE3}"
EndProject
Global
	GlobalSection(SolutionConfigurationPlatforms) = preSolution
		Debug|Any CPU = Debug|Any CPU
		Release|Any CPU = Release|Any CPU
	EndGlobalSection
	GlobalSection(ProjectConfigurationPlatforms) = postSolution
		{70B367F4-A957-4D9F-BD97-92696589507F}.Debug|Any CPU.ActiveCfg = Debug|Any CPU
		{70B367F4-A957-4D9F-BD97-92696589507F}.Debug|Any CPU.Build.0 = Debug|Any CPU
		{70B367F4-A957-4D9F-BD97-92696589507F}.Release|Any CPU.ActiveCfg = Release|Any CPU
		{70B367F4-A957-4D9F-BD97-92696589507F}.Release|Any CPU.Build.0 = Release|Any CPU
		{C014D76E-F5F1-4402-897D-709594EB68E9}.Debug|Any CPU.ActiveCfg = Debug|Any CPU
		{C014D76E-F5F1-4402-897D-709594EB68E9}.Debug|Any CPU.Build.0 = Debug|Any CPU
		{C014D76E-F5F1-4402-897D-709594EB68E9}.Release|Any CPU.ActiveCfg = Release|Any CPU
		{C014D76E-F5F1-4402-897D-709594EB68E9}.Release|Any CPU.Build.0 = Release|Any CPU
		{02CA3914-4FF4-42EC-9B04-F7AE7571AAF6}.Debug|Any CPU.ActiveCfg = Debug|Any CPU
		{02CA3914-4FF4-42EC-9B04-F7AE7571AAF6}.Debug|Any CPU.Build.0 = Debug|Any CPU
		{02CA3914-4FF4-42EC-9B04-F7AE7571AAF6}.Release|Any CPU.ActiveCfg = Release|Any CPU
		{02CA3914-4FF4-42EC-9B04-F7AE7571AAF6}.Release|Any CPU.Build.0 = Release|Any CPU
		{E01F0758-E668-442F-8798-311D69D4D8B3}.Debug|Any CPU.ActiveCfg = Debug|Any CPU
		{E01F0758-E668-442F-8798-311D69D4D8B3}.Debug|Any CPU.Build.0 = Debug|Any CPU
		{E01F0758-E668-442F-8798-311D69D4D8B3}.Release|Any CPU.ActiveCfg = Release|Any CPU
		{E01F0758-E668-442F-8798-311D69D4D8B3}.Release|Any CPU.Build.0 = Release|Any CPU
		{1F948E8A-2DEE-40EA-A60D-FFBEB7628DBD}.Debug|Any CPU.ActiveCfg = Debug|Any CPU
		{1F948E8A-2DEE-40EA-A60D-FFBEB7628DBD}.Debug|Any CPU.Build.0 = Debug|Any CPU
		{1F948E8A-2DEE-40EA-A60D-FFBEB7628DBD}.Release|Any CPU.ActiveCfg = Release|Any CPU
		{1F948E8A-2DEE-40EA-A60D-FFBEB7628DBD}.Release|Any CPU.Build.0 = Release|Any CPU
		{6DCCA7DC-BAD7-4342-8626-D7282589BBE3}.Debug|Any CPU.ActiveCfg = Debug|Any CPU
		{6DCCA7DC-BAD7-4342-8626-D7282589BBE3}.Debug|Any CPU.Build.0 = Debug|Any CPU
		{6DCCA7DC-BAD7-4342-8626-D7282589BBE3}.Release|Any CPU.ActiveCfg = Release|Any CPU
		{6DCCA7DC-BAD7-4342-8626-D7282589BBE3}.Release|Any CPU.Build.0 = Release|Any CPU
	EndGlobalSection
	GlobalSection(SolutionProperties) = preSolution
		HideSolutionNode = FALSE
	EndGlobalSection
	GlobalSection(ExtensibilityGlobals) = postSolution
		SolutionGuid = {2FD896AF-0E9E-4C8A-A62E-E2CD051E63B4}
	EndGlobalSection
EndGlobal
